dependencies:
- name: dragonfly
  repository: oci://ghcr.io/dragonflydb/dragonfly/helm
  version: v1.38.0
- name: minio
  repository: oci://registry-1.docker.io/bitnamicharts
  version: 17.0.21
digest: sha256:0e4e3b4b0ac4c34fc6600afed523df8ebf7a098d4c7f4054330565829bf9fd5a
generated: "2026-07-28T22:48:41.973961738+05:45"
